
Microsoft Visual Studio Solution File, Format Version 12.00
# Visual Studio Version 17
VisualStudioVersion = 17.0.31919.166
MinimumVisualStudioVersion = 10.0.40219.1
Project("{9A19103F-16F7-4668-BE54-9A1E7A4F7556}") = "BlazorShop.Server", "Server\BlazorShop.Server.csproj", "{F23C0849-6FD1-41A6-9DD3-144FC4277AA2}"
EndProject
Project("{9A19103F-16F7-4668-BE54-9A1E7A4F7556}") = "BlazorShop.Client", "Client\BlazorShop.Client.csproj", "{9A93C9A2-267A-458C-9FA1-535896B4F6C2}"
EndProject
Project("{9A19103F-16F7-4668-BE54-9A1E7A4F7556}") = "BlazorShop.Shared", "Shared\BlazorShop.Shared.csproj", "{EA2F25ED-579D-40D7-B111-7357D33DC85A}"
EndProject
Global
	GlobalSection(SolutionConfigurationPlatforms) = preSolution
		Debug|Any CPU = Debug|Any CPU
		Release|Any CPU = Release|Any CPU
	EndGlobalSection
	GlobalSection(ProjectConfigurationPlatforms) = postSolution
		{F23C0849-6FD1-41A6-9DD3-144FC4277AA2}.Debug|Any CPU.ActiveCfg = Debug|Any CPU
		{F23C0849-6FD1-41A6-9DD3-144FC4277AA2}.Debug|Any CPU.Build.0 = Debug|Any CPU
		{F23C0849-6FD1-41A6-9DD3-144FC4277AA2}.Release|Any CPU.ActiveCfg = Release|Any CPU
		{F23C0849-6FD1-41A6-9DD3-144FC4277AA2}.Release|Any CPU.Build.0 = Release|Any CPU
		{9A93C9A2-267A-458C-9FA1-535896B4F6C2}.Debug|Any CPU.ActiveCfg = Debug|Any CPU
		{9A93C9A2-267A-458C-9FA1-535896B4F6C2}.Debug|Any CPU.Build.0 = Debug|Any CPU
		{9A93C9A2-267A-458C-9FA1-535896B4F6C2}.Release|Any CPU.ActiveCfg = Release|Any CPU
		{9A93C9A2-267A-458C-9FA1-535896B4F6C2}.Release|Any CPU.Build.0 = Release|Any CPU
		{EA2F25ED-579D-40D7-B111-7357D33DC85A}.Debug|Any CPU.ActiveCfg = Debug|Any CPU
		{EA2F25ED-579D-40D7-B111-7357D33DC85A}.Debug|Any CPU.Build.0 = Debug|Any CPU
		{EA2F25ED-579D-40D7-B111-7357D33DC85A}.Release|Any CPU.ActiveCfg = Release|Any CPU
		{EA2F25ED-579D-40D7-B111-7357D33DC85A}.Release|Any CPU.Build.0 = Release|Any CPU
	EndGlobalSection
	GlobalSection(SolutionProperties) = preSolution
		HideSolutionNode = FALSE
	EndGlobalSection
	GlobalSection(ExtensibilityGlobals) = postSolution
		SolutionGuid = {1BB2125F-F0B0-4D7E-9C49-F462AA09F199}
	EndGlobalSection
EndGlobal
